
Microsoft Visual Studio Solution File, Format Version 12.00
# Visual Studio 2012
Project("{00D1A9C2-B5F0-4AF3-8072-F6C62B433612}") = "Database1", "Database1\Database1.sqlproj", "{2326B095-8275-4512-8C87-F2A625391326}"
EndProject
Project("{FAE04EC0-301F-11D3-BF4B-00C04F79EFBC}") = "MyDatabaseUnitTests", "MyDatabaseUnitTests\MyDatabaseUnitTests.csproj", "{273ABC1F-CCEC-4007-AEE9-14022A6BC67F}"
EndProject
Project("{FAE04EC0-301F-11D3-BF4B-00C04F79EFBC}") = "CustomRules", "CustomRules\CustomRules.csproj", "{8F40CFCB-976F-4318-847F-AA795F2A48E0}"
EndProject
Global
	GlobalSection(SolutionConfigurationPlatforms) = preSolution
		Debug|Any CPU = Debug|Any CPU
		Release|Any CPU = Release|Any CPU
	EndGlobalSection
	GlobalSection(ProjectConfigurationPlatforms) = postSolution
		{2326B095-8275-4512-8C87-F2A625391326}.Debug|Any CPU.ActiveCfg = Debug|Any CPU
		{2326B095-8275-4512-8C87-F2A625391326}.Debug|Any CPU.Build.0 = Debug|Any CPU
		{2326B095-8275-4512-8C87-F2A625391326}.Debug|Any CPU.Deploy.0 = Debug|Any CPU
		{2326B095-8275-4512-8C87-F2A625391326}.Release|Any CPU.ActiveCfg = Release|Any CPU
		{2326B095-8275-4512-8C87-F2A625391326}.Release|Any CPU.Build.0 = Release|Any CPU
		{2326B095-8275-4512-8C87-F2A625391326}.Release|Any CPU.Deploy.0 = Release|Any CPU
		{273ABC1F-CCEC-4007-AEE9-14022A6BC67F}.Debug|Any CPU.ActiveCfg = Debug|Any CPU
		{273ABC1F-CCEC-4007-AEE9-14022A6BC67F}.Debug|Any CPU.Build.0 = Debug|Any CPU
		{273ABC1F-CCEC-4007-AEE9-14022A6BC67F}.Release|Any CPU.ActiveCfg = Release|Any CPU
		{273ABC1F-CCEC-4007-AEE9-14022A6BC67F}.Release|Any CPU.Build.0 = Release|Any CPU
		{8F40CFCB-976F-4318-847F-AA795F2A48E0}.Debug|Any CPU.ActiveCfg = Debug|Any CPU
		{8F40CFCB-976F-4318-847F-AA795F2A48E0}.Debug|Any CPU.Build.0 = Debug|Any CPU
		{8F40CFCB-976F-4318-847F-AA795F2A48E0}.Release|Any CPU.ActiveCfg = Release|Any CPU
		{8F40CFCB-976F-4318-847F-AA795F2A48E0}.Release|Any CPU.Build.0 = Release|Any CPU
	EndGlobalSection
	GlobalSection(SolutionProperties) = preSolution
		HideSolutionNode = FALSE
	EndGlobalSection
EndGlobal
